// !$*UTF8*$!
{
	archiveVersion = 1;
	classes = {
	};
	objectVersion = 50;
	objects = {

/* Begin PBXBuildFile section */
		5239052C2676269A0082DA4D /* AppDelegate.swift in Sources */ = {isa = PBXBuildFile; fileRef = 5239052B2676269A0082DA4D /* AppDelegate.swift */; };
		5239052E2676269A0082DA4D /* SceneDelegate.swift in Sources */ = {isa = PBXBuildFile; fileRef = 5239052D2676269A0082DA4D /* SceneDelegate.swift */; };
		523905302676269A0082DA4D /* ContentView.swift in Sources */ = {isa = PBXBuildFile; fileRef = 5239052F2676269A0082DA4D /* ContentView.swift */; };
		523905322676269B0082DA4D /* Assets.xcassets in Resources */ = {isa = PBXBuildFile; fileRef = 523905312676269B0082DA4D /* Assets.xcassets */; };
		523905352676269B0082DA4D /* Preview Assets.xcassets in Resources */ = {isa = PBXBuildFile; fileRef = 523905342676269B0082DA4D /* Preview Assets.xcassets */; };
		523905382676269B0082DA4D /* LaunchScreen.storyboard in Resources */ = {isa = PBXBuildFile; fileRef = 523905362676269B0082DA4D /* LaunchScreen.storyboard */; };
		523905432676269B0082DA4D /* SwiftfUIShopTests.swift in Sources */ = {isa = PBXBuildFile; fileRef = 523905422676269B0082DA4D /* SwiftfUIShopTests.swift */; };
/* End PBXBuildFile section */

/* Begin PBXContainerItemProxy section */
		5239053F2676269B0082DA4D /* PBXContainerItemProxy */ = {
			isa = PBXContainerItemProxy;
			containerPortal = 523905202676269A0082DA4D /* Project object */;
			proxyType = 1;
			remoteGlobalIDString = 523905272676269A0082DA4D;
			remoteInfo = SwiftfUIShop;
		};
/* End PBXContainerItemProxy section */

/* Begin PBXFileReference section */
		523905282676269A0082DA4D /* SwiftfUIShop.app */ = {isa = PBXFileReference; explicitFileType = wrapper.application; includeInIndex = 0; path = SwiftfUIShop.app; sourceTree = BUILT_PRODUCTS_DIR; };
		5239052B2676269A0082DA4D /* AppDelegate.swift */ = {isa = PBXFileReference; lastKnownFileType = sourcecode.swift; path = AppDelegate.swift; sourceTree = "<group>"; };
		5239052D2676269A0082DA4D /* SceneDelegate.swift */ = {isa = PBXFileReference; lastKnownFileType = sourcecode.swift; path = SceneDelegate.swift; sourceTree = "<group>"; };
		5239052F2676269A0082DA4D /* ContentView.swift */ = {isa = PBXFileReference; lastKnownFileType = sourcecode.swift; path = ContentView.swift; sourceTree = "<group>"; };
		523905312676269B0082DA4D /* Assets.xcassets */ = {isa = PBXFileReference; lastKnownFileType = folder.assetcatalog; path = Assets.xcassets; sourceTree = "<group>"; };
		523905342676269B0082DA4D /* Preview Assets.xcassets */ = {isa = PBXFileReference; lastKnownFileType = folder.assetcatalog; path = "Preview Assets.xcassets"; sourceTree = "<group>"; };
		523905372676269B0082DA4D /* Base */ = {isa = PBXFileReference; lastKnownFileType = file.storyboard; name = Base; path = Base.lproj/LaunchScreen.storyboard; sourceTree = "<group>"; };
		523905392676269B0082DA4D /* Info.plist */ = {isa = PBXFileReference; lastKnownFileType = text.plist.xml; path = Info.plist; sourceTree = "<group>"; };
		5239053E2676269B0082DA4D /* SwiftfUIShopTests.xctest */ = {isa = PBXFileReference; explicitFileType = wrapper.cfbundle; includeInIndex = 0; path = SwiftfUIShopTests.xctest; sourceTree = BUILT_PRODUCTS_DIR; };
		523905422676269B0082DA4D /* SwiftfUIShopTests.swift */ = {isa = PBXFileReference; lastKnownFileType = sourcecode.swift; path = SwiftfUIShopTests.swift; sourceTree = "<group>"; };
		523905442676269B0082DA4D /* Info.plist */ = {isa = PBXFileReference; lastKnownFileType = text.plist.xml; path = Info.plist; sourceTree = "<group>"; };
/* End PBXFileReference section */

/* Begin PBXFrameworksBuildPhase section */
		523905252676269A0082DA4D /* Frameworks */ = {
			isa = PBXFrameworksBuildPhase;
			buildActionMask = 2147483647;
			files = (
			);
			runOnlyForDeploymentPostprocessing = 0;
		};
		5239053B2676269B0082DA4D /* Frameworks */ = {
			isa = PBXFrameworksBuildPhase;
			buildActionMask = 2147483647;
			files = (
			);
			runOnlyForDeploymentPostprocessing = 0;
		};
/* End PBXFrameworksBuildPhase section */

/* Begin PBXGroup section */
		5239051F2676269A0082DA4D = {
			isa = PBXGroup;
			children = (
				5239052A2676269A0082DA4D /* SwiftfUIShop */,
				523905412676269B0082DA4D /* SwiftfUIShopTests */,
				523905292676269A0082DA4D /* Products */,
			);
			sourceTree = "<group>";
		};
		523905292676269A0082DA4D /* Products */ = {
			isa = PBXGroup;
			children = (
				523905282676269A0082DA4D /* SwiftfUIShop.app */,
				5239053E2676269B0082DA4D /* SwiftfUIShopTests.xctest */,
			);
			name = Products;
			sourceTree = "<group>";
		};
		5239052A2676269A0082DA4D /* SwiftfUIShop */ = {
			isa = PBXGroup;
			children = (
				5239052B2676269A0082DA4D /* AppDelegate.swift */,
				5239052D2676269A0082DA4D /* SceneDelegate.swift */,
				5239052F2676269A0082DA4D /* ContentView.swift */,
				523905312676269B0082DA4D /* Assets.xcassets */,
				523905362676269B0082DA4D /* LaunchScreen.storyboard */,
				523905392676269B0082DA4D /* Info.plist */,
				523905332676269B0082DA4D /* Preview Content */,
			);
			path = SwiftfUIShop;
			sourceTree = "<group>";
		};
		523905332676269B0082DA4D /* Preview Content */ = {
			isa = PBXGroup;
			children = (
				523905342676269B0082DA4D /* Preview Assets.xcassets */,
			);
			path = "Preview Content";
			sourceTree = "<group>";
		};
		523905412676269B0082DA4D /* SwiftfUIShopTests */ = {
			isa = PBXGroup;
			children = (
				523905422676269B0082DA4D /* SwiftfUIShopTests.swift */,
				523905442676269B0082DA4D /* Info.plist */,
			);
			path = SwiftfUIShopTests;
			sourceTree = "<group>";
		};
/* End PBXGroup section */

/* Begin PBXNativeTarget section */
		523905272676269A0082DA4D /* SwiftfUIShop */ = {
			isa = PBXNativeTarget;
			buildConfigurationList = 523905472676269B0082DA4D /* Build configuration list for PBXNativeTarget "SwiftfUIShop" */;
			buildPhases = (
				523905242676269A0082DA4D /* Sources */,
				523905252676269A0082DA4D /* Frameworks */,
				523905262676269A0082DA4D /* Resources */,
			);
			buildRules = (
			);
			dependencies = (
			);
			name = SwiftfUIShop;
			productName = SwiftfUIShop;
			productReference = 523905282676269A0082DA4D /* SwiftfUIShop.app */;
			productType = "com.apple.product-type.application";
		};
		5239053D2676269B0082DA4D /* SwiftfUIShopTests */ = {
			isa = PBXNativeTarget;
			buildConfigurationList = 5239054A2676269B0082DA4D /* Build configuration list for PBXNativeTarget "SwiftfUIShopTests" */;
			buildPhases = (
				5239053A2676269B0082DA4D /* Sources */,
				5239053B2676269B0082DA4D /* Frameworks */,
				5239053C2676269B0082DA4D /* Resources */,
			);
			buildRules = (
			);
			dependencies = (
				523905402676269B0082DA4D /* PBXTargetDependency */,
			);
			name = SwiftfUIShopTests;
			productName = SwiftfUIShopTests;
			productReference = 5239053E2676269B0082DA4D /* SwiftfUIShopTests.xctest */;
			productType = "com.apple.product-type.bundle.unit-test";
		};
/* End PBXNativeTarget section */

/* Begin PBXProject section */
		523905202676269A0082DA4D /* Project object */ = {
			isa = PBXProject;
			attributes = {
				LastSwiftUpdateCheck = 1170;
				LastUpgradeCheck = 1170;
				ORGANIZATIONNAME = "Cruz Torres";
				TargetAttributes = {
					523905272676269A0082DA4D = {
						CreatedOnToolsVersion = 11.7;
					};
					5239053D2676269B0082DA4D = {
						CreatedOnToolsVersion = 11.7;
						TestTargetID = 523905272676269A0082DA4D;
					};
				};
			};
			buildConfigurationList = 523905232676269A0082DA4D /* Build configuration list for PBXProject "SwiftfUIShop" */;
			compatibilityVersion = "Xcode 9.3";
			developmentRegion = en;
			hasScannedForEncodings = 0;
			knownRegions = (
				en,
				Base,
			);
			mainGroup = 5239051F2676269A0082DA4D;
			productRefGroup = 523905292676269A0082DA4D /* Products */;
			projectDirPath = "";
			projectRoot = "";
			targets = (
				523905272676269A0082DA4D /* SwiftfUIShop */,
				5239053D2676269B0082DA4D /* SwiftfUIShopTests */,
			);
		};
/* End PBXProject section */

/* Begin PBXResourcesBuildPhase section */
		523905262676269A0082DA4D /* Resources */ = {
			isa = PBXResourcesBuildPhase;
			buildActionMask = 2147483647;
			files = (
				523905382676269B0082DA4D /* LaunchScreen.storyboard in Resources */,
				523905352676269B0082DA4D /* Preview Assets.xcassets in Resources */,
				523905322676269B0082DA4D /* Assets.xcassets in Resources */,
			);
			runOnlyForDeploymentPostprocessing = 0;
		};
		5239053C2676269B0082DA4D /* Resources */ = {
			isa = PBXResourcesBuildPhase;
			buildActionMask = 2147483647;
			files = (
			);
			runOnlyForDeploymentPostprocessing = 0;
		};
/* End PBXResourcesBuildPhase section */

/* Begin PBXSourcesBuildPhase section */
		523905242676269A0082DA4D /* Sources */ = {
			isa = PBXSourcesBuildPhase;
			buildActionMask = 2147483647;
			files = (
				5239052C2676269A0082DA4D /* AppDelegate.swift in Sources */,
				5239052E2676269A0082DA4D /* SceneDelegate.swift in Sources */,
				523905302676269A0082DA4D /* ContentView.swift in Sources */,
			);
			runOnlyForDeploymentPostprocessing = 0;
		};
		5239053A2676269B0082DA4D /* Sources */ = {
			isa = PBXSourcesBuildPhase;
			buildActionMask = 2147483647;
			files = (
				523905432676269B0082DA4D /* SwiftfUIShopTests.swift in Sources */,
			);
			runOnlyForDeploymentPostprocessing = 0;
		};
/* End PBXSourcesBuildPhase section */

/* Begin PBXTargetDependency section */
		523905402676269B0082DA4D /* PBXTargetDependency */ = {
			isa = PBXTargetDependency;
			target = 523905272676269A0082DA4D /* SwiftfUIShop */;
			targetProxy = 5239053F2676269B0082DA4D /* PBXContainerItemProxy */;
		};
/* End PBXTargetDependency section */

/* Begin PBXVariantGroup section */
		523905362676269B0082DA4D /* LaunchScreen.storyboard */ = {
			isa = PBXVariantGroup;
			children = (
				523905372676269B0082DA4D /* Base */,
			);
			name = LaunchScreen.storyboard;
			sourceTree = "<group>";
		};
/* End PBXVariantGroup section */

/* Begin XCBuildConfiguration section */
		523905452676269B0082DA4D /* Debug */ = {
			isa = XCBuildConfiguration;
			buildSettings = {
				ALWAYS_SEARCH_USER_PATHS = NO;
				CLANG_ANALYZER_NONNULL = YES;
				CLANG_ANALYZER_NUMBER_OBJECT_CONVERSION = YES_AGGRESSIVE;
				CLANG_CXX_LANGUAGE_STANDARD = "gnu++14";
				CLANG_CXX_LIBRARY = "libc++";
				CLANG_ENABLE_MODULES = YES;
				CLANG_ENABLE_OBJC_ARC = YES;
				CLANG_ENABLE_OBJC_WEAK = YES;
				CLANG_WARN_BLOCK_CAPTURE_AUTORELEASING = YES;
				CLANG_WARN_BOOL_CONVERSION = YES;
				CLANG_WARN_COMMA = YES;
				CLANG_WARN_CONSTANT_CONVERSION = YES;
				CLANG_WARN_DEPRECATED_OBJC_IMPLEMENTATIONS = YES;
				CLANG_WARN_DIRECT_OBJC_ISA_USAGE = YES_ERROR;
				CLANG_WARN_DOCUMENTATION_COMMENTS = YES;
				CLANG_WARN_EMPTY_BODY = YES;
				CLANG_WARN_ENUM_CONVERSION = YES;
				CLANG_WARN_INFINITE_RECURSION = YES;
				CLANG_WARN_INT_CONVERSION = YES;
				CLANG_WARN_NON_LITERAL_NULL_CONVERSION = YES;
				CLANG_WARN_OBJC_IMPLICIT_RETAIN_SELF = YES;
				CLANG_WARN_OBJC_LITERAL_CONVERSION = YES;
				CLANG_WARN_OBJC_ROOT_CLASS = YES_ERROR;
				CLANG_WARN_RANGE_LOOP_ANALYSIS = YES;
				CLANG_WARN_STRICT_PROTOTYPES = YES;
				CLANG_WARN_SUSPICIOUS_MOVE = YES;
				CLANG_WARN_UNGUARDED_AVAILABILITY = YES_AGGRESSIVE;
				CLANG_WARN_UNREACHABLE_CODE = YES;
				CLANG_WARN__DUPLICATE_METHOD_MATCH = YES;
				COPY_PHASE_STRIP = NO;
				DEBUG_INFORMATION_FORMAT = dwarf;
				ENABLE_STRICT_OBJC_MSGSEND = YES;
				ENABLE_TESTABILITY = YES;
				GCC_C_LANGUAGE_STANDARD = gnu11;
				GCC_DYNAMIC_NO_PIC = NO;
				GCC_NO_COMMON_BLOCKS = YES;
				GCC_OPTIMIZATION_LEVEL = 0;
				GCC_PREPROCESSOR_DEFINITIONS = (
					"DEBUG=1",
					"$(inherited)",
				);
				GCC_WARN_64_TO_32_BIT_CONVERSION = YES;
				GCC_WARN_ABOUT_RETURN_TYPE = YES_ERROR;
				GCC_WARN_UNDECLARED_SELECTOR = YES;
				GCC_WARN_UNINITIALIZED_AUTOS = YES_AGGRESSIVE;
				GCC_WARN_UNUSED_FUNCTION = YES;
				GCC_WARN_UNUSED_VARIABLE = YES;
				IPHONEOS_DEPLOYMENT_TARGET = 13.7;
				MTL_ENABLE_DEBUG_INFO = INCLUDE_SOURCE;
				MTL_FAST_MATH = YES;
				ONLY_ACTIVE_ARCH = YES;
				SDKROOT = iphoneos;
				SWIFT_ACTIVE_COMPILATION_CONDITIONS = DEBUG;
				SWIFT_OPTIMIZATION_LEVEL = "-Onone";
			};
			name = Debug;
		};
		523905462676269B0082DA4D /* Release */ = {
			isa = XCBuildConfiguration;
			buildSettings = {
				ALWAYS_SEARCH_USER_PATHS = NO;
				CLANG_ANALYZER_NONNULL = YES;
				CLANG_ANALYZER_NUMBER_OBJECT_CONVERSION = YES_AGGRESSIVE;
				CLANG_CXX_LANGUAGE_STANDARD = "gnu++14";
				CLANG_CXX_LIBRARY = "libc++";
				CLANG_ENABLE_MODULES = YES;
				CLANG_ENABLE_OBJC_ARC = YES;
				CLANG_ENABLE_OBJC_WEAK = YES;
				CLANG_WARN_BLOCK_CAPTURE_AUTORELEASING = YES;
				CLANG_WARN_BOOL_CONVERSION = YES;
				CLANG_WARN_COMMA = YES;
				CLANG_WARN_CONSTANT_CONVERSION = YES;
				CLANG_WARN_DEPRECATED_OBJC_IMPLEMENTATIONS = YES;
				CLANG_WARN_DIRECT_OBJC_ISA_USAGE = YES_ERROR;
				CLANG_WARN_DOCUMENTATION_COMMENTS = YES;
				CLANG_WARN_EMPTY_BODY = YES;
				CLANG_WARN_ENUM_CONVERSION = YES;
				CLANG_WARN_INFINITE_RECURSION = YES;
				CLANG_WARN_INT_CONVERSION = YES;
				CLANG_WARN_NON_LITERAL_NULL_CONVERSION = YES;
				CLANG_WARN_OBJC_IMPLICIT_RETAIN_SELF = YES;
				CLANG_WARN_OBJC_LITERAL_CONVERSION = YES;
				CLANG_WARN_OBJC_ROOT_CLASS = YES_ERROR;
				CLANG_WARN_RANGE_LOOP_ANALYSIS = YES;
				CLANG_WARN_STRICT_PROTOTYPES = YES;
				CLANG_WARN_SUSPICIOUS_MOVE = YES;
				CLANG_WARN_UNGUARDED_AVAILABILITY = YES_AGGRESSIVE;
				CLANG_WARN_UNREACHABLE_CODE = YES;
				CLANG_WARN__DUPLICATE_METHOD_MATCH = YES;
				COPY_PHASE_STRIP = NO;
				DEBUG_INFORMATION_FORMAT = "dwarf-with-dsym";
				ENABLE_NS_ASSERTIONS = NO;
				ENABLE_STRICT_OBJC_MSGSEND = YES;
				GCC_C_LANGUAGE_STANDARD = gnu11;
				GCC_NO_COMMON_BLOCKS = YES;
				GCC_WARN_64_TO_32_BIT_CONVERSION = YES;
				GCC_WARN_ABOUT_RETURN_TYPE = YES_ERROR;
				GCC_WARN_UNDECLARED_SELECTOR = YES;
				GCC_WARN_UNINITIALIZED_AUTOS = YES_AGGRESSIVE;
				GCC_WARN_UNUSED_FUNCTION = YES;
				GCC_WARN_UNUSED_VARIABLE = YES;
				IPHONEOS_DEPLOYMENT_TARGET = 13.7;
				MTL_ENABLE_DEBUG_INFO = NO;
				MTL_FAST_MATH = YES;
				SDKROOT = iphoneos;
				SWIFT_COMPILATION_MODE = wholemodule;
				SWIFT_OPTIMIZATION_LEVEL = "-O";
				VALIDATE_PRODUCT = YES;
			};
			name = Release;
		};
		523905482676269B0082DA4D /* Debug */ = {
			isa = XCBuildConfiguration;
			buildSettings = {
				ASSETCATALOG_COMPILER_APPICON_NAME = AppIcon;
				CODE_SIGN_STYLE = Automatic;
				DEVELOPMENT_ASSET_PATHS = "\"SwiftfUIShop/Preview Content\"";
				DEVELOPMENT_TEAM = GA3WT3785W;
				ENABLE_PREVIEWS = YES;
				INFOPLIST_FILE = SwiftfUIShop/Info.plist;
				LD_RUNPATH_SEARCH_PATHS = (
					"$(inherited)",
					"@executable_path/Frameworks",
				);
				PRODUCT_BUNDLE_IDENTIFIER = com.reddixo.SwiftfUIShop;
				PRODUCT_NAME = "$(TARGET_NAME)";
				SWIFT_VERSION = 5.0;
				TARGETED_DEVICE_FAMILY = "1,2";
			};
			name = Debug;
		};
		523905492676269B0082DA4D /* Release */ = {
			isa = XCBuildConfiguration;
			buildSettings = {
				ASSETCATALOG_COMPILER_APPICON_NAME = AppIcon;
				CODE_SIGN_STYLE = Automatic;
				DEVELOPMENT_ASSET_PATHS = "\"SwiftfUIShop/Preview Content\"";
				DEVELOPMENT_TEAM = GA3WT3785W;
				ENABLE_PREVIEWS = YES;
				INFOPLIST_FILE = SwiftfUIShop/Info.plist;
				LD_RUNPATH_SEARCH_PATHS = (
					"$(inherited)",
					"@executable_path/Frameworks",
				);
				PRODUCT_BUNDLE_IDENTIFIER = com.reddixo.SwiftfUIShop;
				PRODUCT_NAME = "$(TARGET_NAME)";
				SWIFT_VERSION = 5.0;
				TARGETED_DEVICE_FAMILY = "1,2";
			};
			name = Release;
		};
		5239054B2676269B0082DA4D /* Debug */ = {
			isa = XCBuildConfiguration;
			buildSettings = {
				ALWAYS_EMBED_SWIFT_STANDARD_LIBRARIES = YES;
				BUNDLE_LOADER = "$(TEST_HOST)";
				CODE_SIGN_STYLE = Automatic;
				DEVELOPMENT_TEAM = GA3WT3785W;
				INFOPLIST_FILE = SwiftfUIShopTests/Info.plist;
				IPHONEOS_DEPLOYMENT_TARGET = 13.7;
				LD_RUNPATH_SEARCH_PATHS = (
					"$(inherited)",
					"@executable_path/Frameworks",
					"@loader_path/Frameworks",
				);
				PRODUCT_BUNDLE_IDENTIFIER = com.reddixo.SwiftfUIShopTests;
				PRODUCT_NAME = "$(TARGET_NAME)";
				SWIFT_VERSION = 5.0;
				TARGETED_DEVICE_FAMILY = "1,2";
				TEST_HOST = "$(BUILT_PRODUCTS_DIR)/SwiftfUIShop.app/SwiftfUIShop";
			};
			name = Debug;
		};
		5239054C2676269B0082DA4D /* Release */ = {
			isa = XCBuildConfiguration;
			buildSettings = {
				ALWAYS_EMBED_SWIFT_STANDARD_LIBRARIES = YES;
				BUNDLE_LOADER = "$(TEST_HOST)";
				CODE_SIGN_STYLE = Automatic;
				DEVELOPMENT_TEAM = GA3WT3785W;
				INFOPLIST_FILE = SwiftfUIShopTests/Info.plist;
				IPHONEOS_DEPLOYMENT_TARGET = 13.7;
				LD_RUNPATH_SEARCH_PATHS = (
					"$(inherited)",
					"@executable_path/Frameworks",
					"@loader_path/Frameworks",
				);
				PRODUCT_BUNDLE_IDENTIFIER = com.reddixo.SwiftfUIShopTests;
				PRODUCT_NAME = "$(TARGET_NAME)";
				SWIFT_VERSION = 5.0;
				TARGETED_DEVICE_FAMILY = "1,2";
				TEST_HOST = "$(BUILT_PRODUCTS_DIR)/SwiftfUIShop.app/SwiftfUIShop";
			};
			name = Release;
		};
/* End XCBuildConfiguration section */

/* Begin XCConfigurationList section */
		523905232676269A0082DA4D /* Build configuration list for PBXProject "SwiftfUIShop" */ = {
			isa = XCConfigurationList;
			buildConfigurations = (
				523905452676269B0082DA4D /* Debug */,
				523905462676269B0082DA4D /* Release */,
			);
			defaultConfigurationIsVisible = 0;
			defaultConfigurationName = Release;
		};
		523905472676269B0082DA4D /* Build configuration list for PBXNativeTarget "SwiftfUIShop" */ = {
			isa = XCConfigurationList;
			buildConfigurations = (
				523905482676269B0082DA4D /* Debug */,
				523905492676269B0082DA4D /* Release */,
			);
			defaultConfigurationIsVisible = 0;
			defaultConfigurationName = Release;
		};
		5239054A2676269B0082DA4D /* Build configuration list for PBXNativeTarget "SwiftfUIShopTests" */ = {
			isa = XCConfigurationList;
			buildConfigurations = (
				5239054B2676269B0082DA4D /* Debug */,
				5239054C2676269B0082DA4D /* Release */,
			);
			defaultConfigurationIsVisible = 0;
			defaultConfigurationName = Release;
		};
/* End XCConfigurationList section */
	};
	rootObject = 523905202676269A0082DA4D /* Project object */;
}
